
Microsoft Visual Studio Solution File, Format Version 12.00
# Visual Studio Version 17
VisualStudioVersion = 17.7.34202.233
MinimumVisualStudioVersion = 10.0.40219.1
Project("{9A19103F-16F7-4668-BE54-9A1E7A4F7556}") = "Task-00-02", "OOP-Lab08\Task-00-02.csproj", "{B90BE5EC-17AE-4DDA-B81E-3614B31B3BDF}"
EndProject
Project("{9A19103F-16F7-4668-BE54-9A1E7A4F7556}") = "Task-03-04", "Task-02\Task-03-04.csproj", "{251101CC-602C-4BAF-B32C-A7FF5AD8D3FC}"
EndProject
Project("{9A19103F-16F7-4668-BE54-9A1E7A4F7556}") = "Task-05-06", "Task-03\Task-05-06.csproj", "{CDC697CA-F37E-4428-B5C3-FB91C8F643EB}"
EndProject
Project("{9A19103F-16F7-4668-BE54-9A1E7A4F7556}") = "Task-07-09", "Task-04\Task-07-09.csproj", "{E8D802F7-4FB5-4246-A1EB-C06978CEAD0A}"
EndProject
Project("{9A19103F-16F7-4668-BE54-9A1E7A4F7556}") = "Task-10", "Task-05\Task-10.csproj", "{31C3B5B1-959D-4499-8E07-B51F8D874669}"
EndProject
Global
	GlobalSection(SolutionConfigurationPlatforms) = preSolution
		Debug|Any CPU = Debug|Any CPU
		Release|Any CPU = Release|Any CPU
	EndGlobalSection
	GlobalSection(ProjectConfigurationPlatforms) = postSolution
		{B90BE5EC-17AE-4DDA-B81E-3614B31B3BDF}.Debug|Any CPU.ActiveCfg = Debug|Any CPU
		{B90BE5EC-17AE-4DDA-B81E-3614B31B3BDF}.Debug|Any CPU.Build.0 = Debug|Any CPU
		{B90BE5EC-17AE-4DDA-B81E-3614B31B3BDF}.Release|Any CPU.ActiveCfg = Release|Any CPU
		{B90BE5EC-17AE-4DDA-B81E-3614B31B3BDF}.Release|Any CPU.Build.0 = Release|Any CPU
		{251101CC-602C-4BAF-B32C-A7FF5AD8D3FC}.Debug|Any CPU.ActiveCfg = Debug|Any CPU
		{251101CC-602C-4BAF-B32C-A7FF5AD8D3FC}.Debug|Any CPU.Build.0 = Debug|Any CPU
		{251101CC-602C-4BAF-B32C-A7FF5AD8D3FC}.Release|Any CPU.ActiveCfg = Release|Any CPU
		{251101CC-602C-4BAF-B32C-A7FF5AD8D3FC}.Release|Any CPU.Build.0 = Release|Any CPU
		{CDC697CA-F37E-4428-B5C3-FB91C8F643EB}.Debug|Any CPU.ActiveCfg = Debug|Any CPU
		{CDC697CA-F37E-4428-B5C3-FB91C8F643EB}.Debug|Any CPU.Build.0 = Debug|Any CPU
		{CDC697CA-F37E-4428-B5C3-FB91C8F643EB}.Release|Any CPU.ActiveCfg = Release|Any CPU
		{CDC697CA-F37E-4428-B5C3-FB91C8F643EB}.Release|Any CPU.Build.0 = Release|Any CPU
		{E8D802F7-4FB5-4246-A1EB-C06978CEAD0A}.Debug|Any CPU.ActiveCfg = Debug|Any CPU
		{E8D802F7-4FB5-4246-A1EB-C06978CEAD0A}.Debug|Any CPU.Build.0 = Debug|Any CPU
		{E8D802F7-4FB5-4246-A1EB-C06978CEAD0A}.Release|Any CPU.ActiveCfg = Release|Any CPU
		{E8D802F7-4FB5-4246-A1EB-C06978CEAD0A}.Release|Any CPU.Build.0 = Release|Any CPU
		{31C3B5B1-959D-4499-8E07-B51F8D874669}.Debug|Any CPU.ActiveCfg = Debug|Any CPU
		{31C3B5B1-959D-4499-8E07-B51F8D874669}.Debug|Any CPU.Build.0 = Debug|Any CPU
		{31C3B5B1-959D-4499-8E07-B51F8D874669}.Release|Any CPU.ActiveCfg = Release|Any CPU
		{31C3B5B1-959D-4499-8E07-B51F8D874669}.Release|Any CPU.Build.0 = Release|Any CPU
	EndGlobalSection
	GlobalSection(SolutionProperties) = preSolution
		HideSolutionNode = FALSE
	EndGlobalSection
	GlobalSection(ExtensibilityGlobals) = postSolution
		SolutionGuid = {FB37003C-87BB-4A10-9CDF-9285DAC2223B}
	EndGlobalSection
EndGlobal
